
Microsoft Visual Studio Solution File, Format Version 12.00
# Visual Studio Version 17
VisualStudioVersion = 17.10.35004.147
MinimumVisualStudioVersion = 10.0.40219.1
Project("{FAE04EC0-301F-11D3-BF4B-00C04F79EFBC}") = "DemoEkzamenAPI", "DemoEkzamenAPI\DemoEkzamenAPI.csproj", "{04EEB50E-AFD9-4F6C-9ACB-B03F34F92419}"
EndProject
Global
	GlobalSection(SolutionConfigurationPlatforms) = preSolution
		Debug|Any CPU = Debug|Any CPU
		Release|Any CPU = Release|Any CPU
	EndGlobalSection
	GlobalSection(ProjectConfigurationPlatforms) = postSolution
		{04EEB50E-AFD9-4F6C-9ACB-B03F34F92419}.Debug|Any CPU.ActiveCfg = Debug|Any CPU
		{04EEB50E-AFD9-4F6C-9ACB-B03F34F92419}.Debug|Any CPU.Build.0 = Debug|Any CPU
		{04EEB50E-AFD9-4F6C-9ACB-B03F34F92419}.Release|Any CPU.ActiveCfg = Release|Any CPU
		{04EEB50E-AFD9-4F6C-9ACB-B03F34F92419}.Release|Any CPU.Build.0 = Release|Any CPU
	EndGlobalSection
	GlobalSection(SolutionProperties) = preSolution
		HideSolutionNode = FALSE
	EndGlobalSection
	GlobalSection(ExtensibilityGlobals) = postSolution
		SolutionGuid = {21CE8553-26F3-4D9F-AEAE-464CA5B2B02B}
	EndGlobalSection
EndGlobal
